
Microsoft Visual Studio Solution File, Format Version 12.00
# Visual Studio Version 16
VisualStudioVersion = 16.0.32413.511
MinimumVisualStudioVersion = 10.0.40219.1
Project("{FAE04EC0-301F-11D3-BF4B-00C04F79EFBC}") = "WpfApp4", "WpfApp4\WpfApp4.csproj", "{FEBD09A2-843A-4787-A835-E0698E8D4E6D}"
EndProject
Global
	GlobalSection(SolutionConfigurationPlatforms) = preSolution
		Debug|Any CPU = Debug|Any CPU
		Release|Any CPU = Release|Any CPU
	EndGlobalSection
	GlobalSection(ProjectConfigurationPlatforms) = postSolution
		{FEBD09A2-843A-4787-A835-E0698E8D4E6D}.Debug|Any CPU.ActiveCfg = Debug|Any CPU
		{FEBD09A2-843A-4787-A835-E0698E8D4E6D}.Debug|Any CPU.Build.0 = Debug|Any CPU
		{FEBD09A2-843A-4787-A835-E0698E8D4E6D}.Release|Any CPU.ActiveCfg = Release|Any CPU
		{FEBD09A2-843A-4787-A835-E0698E8D4E6D}.Release|Any CPU.Build.0 = Release|Any CPU
	EndGlobalSection
	GlobalSection(SolutionProperties) = preSolution
		HideSolutionNode = FALSE
	EndGlobalSection
	GlobalSection(ExtensibilityGlobals) = postSolution
		SolutionGuid = {7CB1243A-4C89-43FD-AD5B-DC2D1C4B2E3E}
	EndGlobalSection
EndGlobal
