
Microsoft Visual Studio Solution File, Format Version 12.00
# Visual Studio Version 16
VisualStudioVersion = 16.0.32413.511
MinimumVisualStudioVersion = 10.0.40219.1
Project("{FAE04EC0-301F-11D3-BF4B-00C04F79EFBC}") = "WpfApp1", "WpfApp1\WpfApp1.csproj", "{FD99B3B9-D5F5-4532-ACD5-016C4A17618E}"
EndProject
Global
	GlobalSection(SolutionConfigurationPlatforms) = preSolution
		Debug|Any CPU = Debug|Any CPU
		Release|Any CPU = Release|Any CPU
	EndGlobalSection
	GlobalSection(ProjectConfigurationPlatforms) = postSolution
		{FD99B3B9-D5F5-4532-ACD5-016C4A17618E}.Debug|Any CPU.ActiveCfg = Debug|Any CPU
		{FD99B3B9-D5F5-4532-ACD5-016C4A17618E}.Debug|Any CPU.Build.0 = Debug|Any CPU
		{FD99B3B9-D5F5-4532-ACD5-016C4A17618E}.Release|Any CPU.ActiveCfg = Release|Any CPU
		{FD99B3B9-D5F5-4532-ACD5-016C4A17618E}.Release|Any CPU.Build.0 = Release|Any CPU
	EndGlobalSection
	GlobalSection(SolutionProperties) = preSolution
		HideSolutionNode = FALSE
	EndGlobalSection
	GlobalSection(ExtensibilityGlobals) = postSolution
		SolutionGuid = {9FFF816A-8769-40FA-8997-A0A657CA6538}
	EndGlobalSection
EndGlobal
